
Microsoft Visual Studio Solution File, Format Version 12.00
# Visual Studio Version 17
VisualStudioVersion = 17.8.34330.188
MinimumVisualStudioVersion = 10.0.40219.1
Project("{FAE04EC0-301F-11D3-BF4B-00C04F79EFBC}") = "GinRummyMobile.UWP", "GinRummyMobile\GinRummyMobile.UWP\GinRummyMobile.UWP.csproj", "{11C2500B-E276-4DE7-A1BB-035B2EBC81E7}"
EndProject
Project("{FAE04EC0-301F-11D3-BF4B-00C04F79EFBC}") = "GinRummyMobile.Android", "GinRummyMobile\GinRummyMobile.Android\GinRummyMobile.Android.csproj", "{767C965E-825F-49DC-99AB-06CA536B5A2E}"
EndProject
Project("{FAE04EC0-301F-11D3-BF4B-00C04F79EFBC}") = "GinRummyMobile.iOS", "GinRummyMobile\GinRummyMobile.iOS\GinRummyMobile.iOS.csproj", "{D2C847A4-09D7-4E3D-AACF-DC2753297A1C}"
EndProject
Project("{FAE04EC0-301F-11D3-BF4B-00C04F79EFBC}") = "GinRummyMobile", "GinRummyMobile\GinRummyMobile\GinRummyMobile.csproj", "{04BE5CB7-73DA-40E4-80E8-9A76A3C423CD}"
EndProject
Global
	GlobalSection(SolutionConfigurationPlatforms) = preSolution
		Debug|Any CPU = Debug|Any CPU
		Debug|ARM = Debug|ARM
		Debug|iPhone = Debug|iPhone
		Debug|iPhoneSimulator = Debug|iPhoneSimulator
		Debug|x64 = Debug|x64
		Debug|x86 = Debug|x86
		Release|Any CPU = Release|Any CPU
		Release|ARM = Release|ARM
		Release|iPhone = Release|iPhone
		Release|iPhoneSimulator = Release|iPhoneSimulator
		Release|x64 = Release|x64
		Release|x86 = Release|x86
	EndGlobalSection
	GlobalSection(ProjectConfigurationPlatforms) = postSolution
		{11C2500B-E276-4DE7-A1BB-035B2EBC81E7}.Debug|Any CPU.ActiveCfg = Debug|x64
		{11C2500B-E276-4DE7-A1BB-035B2EBC81E7}.Debug|Any CPU.Build.0 = Debug|x64
		{11C2500B-E276-4DE7-A1BB-035B2EBC81E7}.Debug|Any CPU.Deploy.0 = Debug|x64
		{11C2500B-E276-4DE7-A1BB-035B2EBC81E7}.Debug|ARM.ActiveCfg = Debug|ARM
		{11C2500B-E276-4DE7-A1BB-035B2EBC81E7}.Debug|ARM.Build.0 = Debug|ARM
		{11C2500B-E276-4DE7-A1BB-035B2EBC81E7}.Debug|ARM.Deploy.0 = Debug|ARM
		{11C2500B-E276-4DE7-A1BB-035B2EBC81E7}.Debug|iPhone.ActiveCfg = Debug|x64
		{11C2500B-E276-4DE7-A1BB-035B2EBC81E7}.Debug|iPhone.Build.0 = Debug|x64
		{11C2500B-E276-4DE7-A1BB-035B2EBC81E7}.Debug|iPhone.Deploy.0 = Debug|x64
		{11C2500B-E276-4DE7-A1BB-035B2EBC81E7}.Debug|iPhoneSimulator.ActiveCfg = Debug|x64
		{11C2500B-E276-4DE7-A1BB-035B2EBC81E7}.Debug|iPhoneSimulator.Build.0 = Debug|x64
		{11C2500B-E276-4DE7-A1BB-035B2EBC81E7}.Debug|iPhoneSimulator.Deploy.0 = Debug|x64
		{11C2500B-E276-4DE7-A1BB-035B2EBC81E7}.Debug|x64.ActiveCfg = Debug|x64
		{11C2500B-E276-4DE7-A1BB-035B2EBC81E7}.Debug|x64.Build.0 = Debug|x64
		{11C2500B-E276-4DE7-A1BB-035B2EBC81E7}.Debug|x64.Deploy.0 = Debug|x64
		{11C2500B-E276-4DE7-A1BB-035B2EBC81E7}.Debug|x86.ActiveCfg = Debug|x86
		{11C2500B-E276-4DE7-A1BB-035B2EBC81E7}.Debug|x86.Build.0 = Debug|x86
		{11C2500B-E276-4DE7-A1BB-035B2EBC81E7}.Debug|x86.Deploy.0 = Debug|x86
		{11C2500B-E276-4DE7-A1BB-035B2EBC81E7}.Release|Any CPU.ActiveCfg = Release|x64
		{11C2500B-E276-4DE7-A1BB-035B2EBC81E7}.Release|Any CPU.Build.0 = Release|x64
		{11C2500B-E276-4DE7-A1BB-035B2EBC81E7}.Release|Any CPU.Deploy.0 = Release|x64
		{11C2500B-E276-4DE7-A1BB-035B2EBC81E7}.Release|ARM.ActiveCfg = Release|ARM
		{11C2500B-E276-4DE7-A1BB-035B2EBC81E7}.Release|ARM.Build.0 = Release|ARM
		{11C2500B-E276-4DE7-A1BB-035B2EBC81E7}.Release|ARM.Deploy.0 = Release|ARM
		{11C2500B-E276-4DE7-A1BB-035B2EBC81E7}.Release|iPhone.ActiveCfg = Release|x64
		{11C2500B-E276-4DE7-A1BB-035B2EBC81E7}.Release|iPhone.Build.0 = Release|x64
		{11C2500B-E276-4DE7-A1BB-035B2EBC81E7}.Release|iPhone.Deploy.0 = Release|x64
		{11C2500B-E276-4DE7-A1BB-035B2EBC81E7}.Release|iPhoneSimulator.ActiveCfg = Release|x64
		{11C2500B-E276-4DE7-A1BB-035B2EBC81E7}.Release|iPhoneSimulator.Build.0 = Release|x64
		{11C2500B-E276-4DE7-A1BB-035B2EBC81E7}.Release|iPhoneSimulator.Deploy.0 = Release|x64
		{11C2500B-E276-4DE7-A1BB-035B2EBC81E7}.Release|x64.ActiveCfg = Release|x64
		{11C2500B-E276-4DE7-A1BB-035B2EBC81E7}.Release|x64.Build.0 = Release|x64
		{11C2500B-E276-4DE7-A1BB-035B2EBC81E7}.Release|x64.Deploy.0 = Release|x64
		{11C2500B-E276-4DE7-A1BB-035B2EBC81E7}.Release|x86.ActiveCfg = Release|x86
		{11C2500B-E276-4DE7-A1BB-035B2EBC81E7}.Release|x86.Build.0 = Release|x86
		{11C2500B-E276-4DE7-A1BB-035B2EBC81E7}.Release|x86.Deploy.0 = Release|x86
		{767C965E-825F-49DC-99AB-06CA536B5A2E}.Debug|Any CPU.ActiveCfg = Debug|Any CPU
		{767C965E-825F-49DC-99AB-06CA536B5A2E}.Debug|Any CPU.Build.0 = Debug|Any CPU
		{767C965E-825F-49DC-99AB-06CA536B5A2E}.Debug|Any CPU.Deploy.0 = Debug|Any CPU
		{767C965E-825F-49DC-99AB-06CA536B5A2E}.Debug|ARM.ActiveCfg = Debug|Any CPU
		{767C965E-825F-49DC-99AB-06CA536B5A2E}.Debug|ARM.Build.0 = Debug|Any CPU
		{767C965E-825F-49DC-99AB-06CA536B5A2E}.Debug|ARM.Deploy.0 = Debug|Any CPU
		{767C965E-825F-49DC-99AB-06CA536B5A2E}.Debug|iPhone.ActiveCfg = Debug|Any CPU
		{767C965E-825F-49DC-99AB-06CA536B5A2E}.Debug|iPhone.Build.0 = Debug|Any CPU
		{767C965E-825F-49DC-99AB-06CA536B5A2E}.Debug|iPhone.Deploy.0 = Debug|Any CPU
		{767C965E-825F-49DC-99AB-06CA536B5A2E}.Debug|iPhoneSimulator.ActiveCfg = Debug|Any CPU
		{767C965E-825F-49DC-99AB-06CA536B5A2E}.Debug|iPhoneSimulator.Build.0 = Debug|Any CPU
		{767C965E-825F-49DC-99AB-06CA536B5A2E}.Debug|iPhoneSimulator.Deploy.0 = Debug|Any CPU
		{767C965E-825F-49DC-99AB-06CA536B5A2E}.Debug|x64.ActiveCfg = Debug|Any CPU
		{767C965E-825F-49DC-99AB-06CA536B5A2E}.Debug|x64.Build.0 = Debug|Any CPU
		{767C965E-825F-49DC-99AB-06CA536B5A2E}.Debug|x64.Deploy.0 = Debug|Any CPU
		{767C965E-825F-49DC-99AB-06CA536B5A2E}.Debug|x86.ActiveCfg = Debug|Any CPU
		{767C965E-825F-49DC-99AB-06CA536B5A2E}.Debug|x86.Build.0 = Debug|Any CPU
		{767C965E-825F-49DC-99AB-06CA536B5A2E}.Debug|x86.Deploy.0 = Debug|Any CPU
		{767C965E-825F-49DC-99AB-06CA536B5A2E}.Release|Any CPU.ActiveCfg = Release|Any CPU
		{767C965E-825F-49DC-99AB-06CA536B5A2E}.Release|Any CPU.Build.0 = Release|Any CPU
		{767C965E-825F-49DC-99AB-06CA536B5A2E}.Release|Any CPU.Deploy.0 = Release|Any CPU
		{767C965E-825F-49DC-99AB-06CA536B5A2E}.Release|ARM.ActiveCfg = Release|Any CPU
		{767C965E-825F-49DC-99AB-06CA536B5A2E}.Release|ARM.Build.0 = Release|Any CPU
		{767C965E-825F-49DC-99AB-06CA536B5A2E}.Release|ARM.Deploy.0 = Release|Any CPU
		{767C965E-825F-49DC-99AB-06CA536B5A2E}.Release|iPhone.ActiveCfg = Release|Any CPU
		{767C965E-825F-49DC-99AB-06CA536B5A2E}.Release|iPhone.Build.0 = Release|Any CPU
		{767C965E-825F-49DC-99AB-06CA536B5A2E}.Release|iPhone.Deploy.0 = Release|Any CPU
		{767C965E-825F-49DC-99AB-06CA536B5A2E}.Release|iPhoneSimulator.ActiveCfg = Release|Any CPU
		{767C965E-825F-49DC-99AB-06CA536B5A2E}.Release|iPhoneSimulator.Build.0 = Release|Any CPU
		{767C965E-825F-49DC-99AB-06CA536B5A2E}.Release|iPhoneSimulator.Deploy.0 = Release|Any CPU
		{767C965E-825F-49DC-99AB-06CA536B5A2E}.Release|x64.ActiveCfg = Release|Any CPU
		{767C965E-825F-49DC-99AB-06CA536B5A2E}.Release|x64.Build.0 = Release|Any CPU
		{767C965E-825F-49DC-99AB-06CA536B5A2E}.Release|x64.Deploy.0 = Release|Any CPU
		{767C965E-825F-49DC-99AB-06CA536B5A2E}.Release|x86.ActiveCfg = Release|Any CPU
		{767C965E-825F-49DC-99AB-06CA536B5A2E}.Release|x86.Build.0 = Release|Any CPU
		{767C965E-825F-49DC-99AB-06CA536B5A2E}.Release|x86.Deploy.0 = Release|Any CPU
		{D2C847A4-09D7-4E3D-AACF-DC2753297A1C}.Debug|Any CPU.ActiveCfg = Debug|iPhoneSimulator
		{D2C847A4-09D7-4E3D-AACF-DC2753297A1C}.Debug|Any CPU.Build.0 = Debug|iPhoneSimulator
		{D2C847A4-09D7-4E3D-AACF-DC2753297A1C}.Debug|Any CPU.Deploy.0 = Debug|iPhoneSimulator
		{D2C847A4-09D7-4E3D-AACF-DC2753297A1C}.Debug|ARM.ActiveCfg = Debug|iPhoneSimulator
		{D2C847A4-09D7-4E3D-AACF-DC2753297A1C}.Debug|ARM.Build.0 = Debug|iPhoneSimulator
		{D2C847A4-09D7-4E3D-AACF-DC2753297A1C}.Debug|ARM.Deploy.0 = Debug|iPhoneSimulator
		{D2C847A4-09D7-4E3D-AACF-DC2753297A1C}.Debug|iPhone.ActiveCfg = Debug|iPhone
		{D2C847A4-09D7-4E3D-AACF-DC2753297A1C}.Debug|iPhone.Build.0 = Debug|iPhone
		{D2C847A4-09D7-4E3D-AACF-DC2753297A1C}.Debug|iPhone.Deploy.0 = Debug|iPhone
		{D2C847A4-09D7-4E3D-AACF-DC2753297A1C}.Debug|iPhoneSimulator.ActiveCfg = Debug|iPhoneSimulator
		{D2C847A4-09D7-4E3D-AACF-DC2753297A1C}.Debug|iPhoneSimulator.Build.0 = Debug|iPhoneSimulator
		{D2C847A4-09D7-4E3D-AACF-DC2753297A1C}.Debug|iPhoneSimulator.Deploy.0 = Debug|iPhoneSimulator
		{D2C847A4-09D7-4E3D-AACF-DC2753297A1C}.Debug|x64.ActiveCfg = Debug|iPhone
		{D2C847A4-09D7-4E3D-AACF-DC2753297A1C}.Debug|x64.Build.0 = Debug|iPhone
		{D2C847A4-09D7-4E3D-AACF-DC2753297A1C}.Debug|x64.Deploy.0 = Debug|iPhone
		{D2C847A4-09D7-4E3D-AACF-DC2753297A1C}.Debug|x86.ActiveCfg = Debug|iPhoneSimulator
		{D2C847A4-09D7-4E3D-AACF-DC2753297A1C}.Debug|x86.Build.0 = Debug|iPhoneSimulator
		{D2C847A4-09D7-4E3D-AACF-DC2753297A1C}.Debug|x86.Deploy.0 = Debug|iPhoneSimulator
		{D2C847A4-09D7-4E3D-AACF-DC2753297A1C}.Release|Any CPU.ActiveCfg = Release|iPhoneSimulator
		{D2C847A4-09D7-4E3D-AACF-DC2753297A1C}.Release|Any CPU.Build.0 = Release|iPhoneSimulator
		{D2C847A4-09D7-4E3D-AACF-DC2753297A1C}.Release|Any CPU.Deploy.0 = Release|iPhoneSimulator
		{D2C847A4-09D7-4E3D-AACF-DC2753297A1C}.Release|ARM.ActiveCfg = Release|iPhoneSimulator
		{D2C847A4-09D7-4E3D-AACF-DC2753297A1C}.Release|ARM.Build.0 = Release|iPhoneSimulator
		{D2C847A4-09D7-4E3D-AACF-DC2753297A1C}.Release|ARM.Deploy.0 = Release|iPhoneSimulator
		{D2C847A4-09D7-4E3D-AACF-DC2753297A1C}.Release|iPhone.ActiveCfg = Release|iPhone
		{D2C847A4-09D7-4E3D-AACF-DC2753297A1C}.Release|iPhone.Build.0 = Release|iPhone
		{D2C847A4-09D7-4E3D-AACF-DC2753297A1C}.Release|iPhone.Deploy.0 = Release|iPhone
		{D2C847A4-09D7-4E3D-AACF-DC2753297A1C}.Release|iPhoneSimulator.ActiveCfg = Release|iPhoneSimulator
		{D2C847A4-09D7-4E3D-AACF-DC2753297A1C}.Release|iPhoneSimulator.Build.0 = Release|iPhoneSimulator
		{D2C847A4-09D7-4E3D-AACF-DC2753297A1C}.Release|iPhoneSimulator.Deploy.0 = Release|iPhoneSimulator
		{D2C847A4-09D7-4E3D-AACF-DC2753297A1C}.Release|x64.ActiveCfg = Release|iPhoneSimulator
		{D2C847A4-09D7-4E3D-AACF-DC2753297A1C}.Release|x64.Build.0 = Release|iPhoneSimulator
		{D2C847A4-09D7-4E3D-AACF-DC2753297A1C}.Release|x64.Deploy.0 = Release|iPhoneSimulator
		{D2C847A4-09D7-4E3D-AACF-DC2753297A1C}.Release|x86.ActiveCfg = Release|iPhoneSimulator
		{D2C847A4-09D7-4E3D-AACF-DC2753297A1C}.Release|x86.Build.0 = Release|iPhoneSimulator
		{D2C847A4-09D7-4E3D-AACF-DC2753297A1C}.Release|x86.Deploy.0 = Release|iPhoneSimulator
		{04BE5CB7-73DA-40E4-80E8-9A76A3C423CD}.Debug|Any CPU.ActiveCfg = Debug|Any CPU
		{04BE5CB7-73DA-40E4-80E8-9A76A3C423CD}.Debug|Any CPU.Build.0 = Debug|Any CPU
		{04BE5CB7-73DA-40E4-80E8-9A76A3C423CD}.Debug|Any CPU.Deploy.0 = Debug|Any CPU
		{04BE5CB7-73DA-40E4-80E8-9A76A3C423CD}.Debug|ARM.ActiveCfg = Debug|Any CPU
		{04BE5CB7-73DA-40E4-80E8-9A76A3C423CD}.Debug|ARM.Build.0 = Debug|Any CPU
		{04BE5CB7-73DA-40E4-80E8-9A76A3C423CD}.Debug|ARM.Deploy.0 = Debug|Any CPU
		{04BE5CB7-73DA-40E4-80E8-9A76A3C423CD}.Debug|iPhone.ActiveCfg = Debug|Any CPU
		{04BE5CB7-73DA-40E4-80E8-9A76A3C423CD}.Debug|iPhone.Build.0 = Debug|Any CPU
		{04BE5CB7-73DA-40E4-80E8-9A76A3C423CD}.Debug|iPhone.Deploy.0 = Debug|Any CPU
		{04BE5CB7-73DA-40E4-80E8-9A76A3C423CD}.Debug|iPhoneSimulator.ActiveCfg = Debug|Any CPU
		{04BE5CB7-73DA-40E4-80E8-9A76A3C423CD}.Debug|iPhoneSimulator.Build.0 = Debug|Any CPU
		{04BE5CB7-73DA-40E4-80E8-9A76A3C423CD}.Debug|iPhoneSimulator.Deploy.0 = Debug|Any CPU
		{04BE5CB7-73DA-40E4-80E8-9A76A3C423CD}.Debug|x64.ActiveCfg = Debug|Any CPU
		{04BE5CB7-73DA-40E4-80E8-9A76A3C423CD}.Debug|x64.Build.0 = Debug|Any CPU
		{04BE5CB7-73DA-40E4-80E8-9A76A3C423CD}.Debug|x64.Deploy.0 = Debug|Any CPU
		{04BE5CB7-73DA-40E4-80E8-9A76A3C423CD}.Debug|x86.ActiveCfg = Debug|Any CPU
		{04BE5CB7-73DA-40E4-80E8-9A76A3C423CD}.Debug|x86.Build.0 = Debug|Any CPU
		{04BE5CB7-73DA-40E4-80E8-9A76A3C423CD}.Debug|x86.Deploy.0 = Debug|Any CPU
		{04BE5CB7-73DA-40E4-80E8-9A76A3C423CD}.Release|Any CPU.ActiveCfg = Release|Any CPU
		{04BE5CB7-73DA-40E4-80E8-9A76A3C423CD}.Release|Any CPU.Build.0 = Release|Any CPU
		{04BE5CB7-73DA-40E4-80E8-9A76A3C423CD}.Release|Any CPU.Deploy.0 = Release|Any CPU
		{04BE5CB7-73DA-40E4-80E8-9A76A3C423CD}.Release|ARM.ActiveCfg = Release|Any CPU
		{04BE5CB7-73DA-40E4-80E8-9A76A3C423CD}.Release|ARM.Build.0 = Release|Any CPU
		{04BE5CB7-73DA-40E4-80E8-9A76A3C423CD}.Release|ARM.Deploy.0 = Release|Any CPU
		{04BE5CB7-73DA-40E4-80E8-9A76A3C423CD}.Release|iPhone.ActiveCfg = Release|Any CPU
		{04BE5CB7-73DA-40E4-80E8-9A76A3C423CD}.Release|iPhone.Build.0 = Release|Any CPU
		{04BE5CB7-73DA-40E4-80E8-9A76A3C423CD}.Release|iPhone.Deploy.0 = Release|Any CPU
		{04BE5CB7-73DA-40E4-80E8-9A76A3C423CD}.Release|iPhoneSimulator.ActiveCfg = Release|Any CPU
		{04BE5CB7-73DA-40E4-80E8-9A76A3C423CD}.Release|iPhoneSimulator.Build.0 = Release|Any CPU
		{04BE5CB7-73DA-40E4-80E8-9A76A3C423CD}.Release|iPhoneSimulator.Deploy.0 = Release|Any CPU
		{04BE5CB7-73DA-40E4-80E8-9A76A3C423CD}.Release|x64.ActiveCfg = Release|Any CPU
		{04BE5CB7-73DA-40E4-80E8-9A76A3C423CD}.Release|x64.Build.0 = Release|Any CPU
		{04BE5CB7-73DA-40E4-80E8-9A76A3C423CD}.Release|x64.Deploy.0 = Release|Any CPU
		{04BE5CB7-73DA-40E4-80E8-9A76A3C423CD}.Release|x86.ActiveCfg = Release|Any CPU
		{04BE5CB7-73DA-40E4-80E8-9A76A3C423CD}.Release|x86.Build.0 = Release|Any CPU
		{04BE5CB7-73DA-40E4-80E8-9A76A3C423CD}.Release|x86.Deploy.0 = Release|Any CPU
	EndGlobalSection
	GlobalSection(SolutionProperties) = preSolution
		HideSolutionNode = FALSE
	EndGlobalSection
	GlobalSection(ExtensibilityGlobals) = postSolution
		SolutionGuid = {77E568BD-E838-460F-AFBD-6FAD22D23C1F}
	EndGlobalSection
EndGlobal
